// !$*UTF8*$!
{
	archiveVersion = 1;
	classes = {
	};
	objectVersion = 77;
	objects = {

/* Begin PBXContainerItemProxy section */
		5D66A5A92CFDD8FF00B2A08C /* PBXContainerItemProxy */ = {
			isa = PBXContainerItemProxy;
			containerPortal = 5D66A5902CFDD8FE00B2A08C /* Project object */;
			proxyType = 1;
			remoteGlobalIDString = 5D66A5972CFDD8FE00B2A08C;
			remoteInfo = Animation_SwiftUI;
		};
		5D66A5B32CFDD8FF00B2A08C /* PBXContainerItemProxy */ = {
			isa = PBXContainerItemProxy;
			containerPortal = 5D66A5902CFDD8FE00B2A08C /* Project object */;
			proxyType = 1;
			remoteGlobalIDString = 5D66A5972CFDD8FE00B2A08C;
			remoteInfo = Animation_SwiftUI;
		};
/* End PBXContainerItemProxy section */

/* Begin PBXFileReference section */
		5D66A5982CFDD8FE00B2A08C /* Animation_SwiftUI.app */ = {isa = PBXFileReference; explicitFileType = wrapper.application; includeInIndex = 0; path = Animation_SwiftUI.app; sourceTree = BUILT_PRODUCTS_DIR; };
		5D66A5A82CFDD8FF00B2A08C /* Animation_SwiftUITests.xctest */ = {isa = PBXFileReference; explicitFileType = wrapper.cfbundle; includeInIndex = 0; path = Animation_SwiftUITests.xctest; sourceTree = BUILT_PRODUCTS_DIR; };
		5D66A5B22CFDD8FF00B2A08C /* Animation_SwiftUIUITests.xctest */ = {isa = PBXFileReference; explicitFileType = wrapper.cfbundle; includeInIndex = 0; path = Animation_SwiftUIUITests.xctest; sourceTree = BUILT_PRODUCTS_DIR; };
/* End PBXFileReference section */

/* Begin PBXFileSystemSynchronizedRootGroup section */
		5D66A59A2CFDD8FE00B2A08C /* Animation_SwiftUI */ = {
			isa = PBXFileSystemSynchronizedRootGroup;
			path = Animation_SwiftUI;
			sourceTree = "<group>";
		};
		5D66A5AB2CFDD8FF00B2A08C /* Animation_SwiftUITests */ = {
			isa = PBXFileSystemSynchronizedRootGroup;
			path = Animation_SwiftUITests;
			sourceTree = "<group>";
		};
		5D66A5B52CFDD8FF00B2A08C /* Animation_SwiftUIUITests */ = {
			isa = PBXFileSystemSynchronizedRootGroup;
			path = Animation_SwiftUIUITests;
			sourceTree = "<group>";
		};
/* End PBXFileSystemSynchronizedRootGroup section */

/* Begin PBXFrameworksBuildPhase section */
		5D66A5952CFDD8FE00B2A08C /* Frameworks */ = {
			isa = PBXFrameworksBuildPhase;
			buildActionMask = 2147483647;
			files = (
			);
			runOnlyForDeploymentPostprocessing = 0;
		};
		5D66A5A52CFDD8FF00B2A08C /* Frameworks */ = {
			isa = PBXFrameworksBuildPhase;
			buildActionMask = 2147483647;
			files = (
			);
			runOnlyForDeploymentPostprocessing = 0;
		};
		5D66A5AF2CFDD8FF00B2A08C /* Frameworks */ = {
			isa = PBXFrameworksBuildPhase;
			buildActionMask = 2147483647;
			files = (
			);
			runOnlyForDeploymentPostprocessing = 0;
		};
/* End PBXFrameworksBuildPhase section */

/* Begin PBXGroup section */
		5D66A58F2CFDD8FE00B2A08C = {
			isa = PBXGroup;
			children = (
				5D66A59A2CFDD8FE00B2A08C /* Animation_SwiftUI */,
				5D66A5AB2CFDD8FF00B2A08C /* Animation_SwiftUITests */,
				5D66A5B52CFDD8FF00B2A08C /* Animation_SwiftUIUITests */,
				5D66A5992CFDD8FE00B2A08C /* Products */,
			);
			sourceTree = "<group>";
		};
		5D66A5992CFDD8FE00B2A08C /* Products */ = {
			isa = PBXGroup;
			children = (
				5D66A5982CFDD8FE00B2A08C /* Animation_SwiftUI.app */,
				5D66A5A82CFDD8FF00B2A08C /* Animation_SwiftUITests.xctest */,
				5D66A5B22CFDD8FF00B2A08C /* Animation_SwiftUIUITests.xctest */,
			);
			name = Products;
			sourceTree = "<group>";
		};
/* End PBXGroup section */

/* Begin PBXNativeTarget section */
		5D66A5972CFDD8FE00B2A08C /* Animation_SwiftUI */ = {
			isa = PBXNativeTarget;
			buildConfigurationList = 5D66A5BC2CFDD8FF00B2A08C /* Build configuration list for PBXNativeTarget "Animation_SwiftUI" */;
			buildPhases = (
				5D66A5942CFDD8FE00B2A08C /* Sources */,
				5D66A5952CFDD8FE00B2A08C /* Frameworks */,
				5D66A5962CFDD8FE00B2A08C /* Resources */,
			);
			buildRules = (
			);
			dependencies = (
			);
			fileSystemSynchronizedGroups = (
				5D66A59A2CFDD8FE00B2A08C /* Animation_SwiftUI */,
			);
			name = Animation_SwiftUI;
			packageProductDependencies = (
			);
			productName = Animation_SwiftUI;
			productReference = 5D66A5982CFDD8FE00B2A08C /* Animation_SwiftUI.app */;
			productType = "com.apple.product-type.application";
		};
		5D66A5A72CFDD8FF00B2A08C /* Animation_SwiftUITests */ = {
			isa = PBXNativeTarget;
			buildConfigurationList = 5D66A5BF2CFDD8FF00B2A08C /* Build configuration list for PBXNativeTarget "Animation_SwiftUITests" */;
			buildPhases = (
				5D66A5A42CFDD8FF00B2A08C /* Sources */,
				5D66A5A52CFDD8FF00B2A08C /* Frameworks */,
				5D66A5A62CFDD8FF00B2A08C /* Resources */,
			);
			buildRules = (
			);
			dependencies = (
				5D66A5AA2CFDD8FF00B2A08C /* PBXTargetDependency */,
			);
			fileSystemSynchronizedGroups = (
				5D66A5AB2CFDD8FF00B2A08C /* Animation_SwiftUITests */,
			);
			name = Animation_SwiftUITests;
			packageProductDependencies = (
			);
			productName = Animation_SwiftUITests;
			productReference = 5D66A5A82CFDD8FF00B2A08C /* Animation_SwiftUITests.xctest */;
			productType = "com.apple.product-type.bundle.unit-test";
		};
		5D66A5B12CFDD8FF00B2A08C /* Animation_SwiftUIUITests */ = {
			isa = PBXNativeTarget;
			buildConfigurationList = 5D66A5C22CFDD8FF00B2A08C /* Build configuration list for PBXNativeTarget "Animation_SwiftUIUITests" */;
			buildPhases = (
				5D66A5AE2CFDD8FF00B2A08C /* Sources */,
				5D66A5AF2CFDD8FF00B2A08C /* Frameworks */,
				5D66A5B02CFDD8FF00B2A08C /* Resources */,
			);
			buildRules = (
			);
			dependencies = (
				5D66A5B42CFDD8FF00B2A08C /* PBXTargetDependency */,
			);
			fileSystemSynchronizedGroups = (
				5D66A5B52CFDD8FF00B2A08C /* Animation_SwiftUIUITests */,
			);
			name = Animation_SwiftUIUITests;
			packageProductDependencies = (
			);
			productName = Animation_SwiftUIUITests;
			productReference = 5D66A5B22CFDD8FF00B2A08C /* Animation_SwiftUIUITests.xctest */;
			productType = "com.apple.product-type.bundle.ui-testing";
		};
/* End PBXNativeTarget section */

/* Begin PBXProject section */
		5D66A5902CFDD8FE00B2A08C /* Project object */ = {
			isa = PBXProject;
			attributes = {
				BuildIndependentTargetsInParallel = 1;
				LastSwiftUpdateCheck = 1600;
				LastUpgradeCheck = 1600;
				TargetAttributes = {
					5D66A5972CFDD8FE00B2A08C = {
						CreatedOnToolsVersion = 16.0;
					};
					5D66A5A72CFDD8FF00B2A08C = {
						CreatedOnToolsVersion = 16.0;
						TestTargetID = 5D66A5972CFDD8FE00B2A08C;
					};
					5D66A5B12CFDD8FF00B2A08C = {
						CreatedOnToolsVersion = 16.0;
						TestTargetID = 5D66A5972CFDD8FE00B2A08C;
					};
				};
			};
			buildConfigurationList = 5D66A5932CFDD8FE00B2A08C /* Build configuration list for PBXProject "Animation_SwiftUI" */;
			developmentRegion = en;
			hasScannedForEncodings = 0;
			knownRegions = (
				en,
				Base,
			);
			mainGroup = 5D66A58F2CFDD8FE00B2A08C;
			minimizedProjectReferenceProxies = 1;
			preferredProjectObjectVersion = 77;
			productRefGroup = 5D66A5992CFDD8FE00B2A08C /* Products */;
			projectDirPath = "";
			projectRoot = "";
			targets = (
				5D66A5972CFDD8FE00B2A08C /* Animation_SwiftUI */,
				5D66A5A72CFDD8FF00B2A08C /* Animation_SwiftUITests */,
				5D66A5B12CFDD8FF00B2A08C /* Animation_SwiftUIUITests */,
			);
		};
/* End PBXProject section */

/* Begin PBXResourcesBuildPhase section */
		5D66A5962CFDD8FE00B2A08C /* Resources */ = {
			isa = PBXResourcesBuildPhase;
			buildActionMask = 2147483647;
			files = (
			);
			runOnlyForDeploymentPostprocessing = 0;
		};
		5D66A5A62CFDD8FF00B2A08C /* Resources */ = {
			isa = PBXResourcesBuildPhase;
			buildActionMask = 2147483647;
			files = (
			);
			runOnlyForDeploymentPostprocessing = 0;
		};
		5D66A5B02CFDD8FF00B2A08C /* Resources */ = {
			isa = PBXResourcesBuildPhase;
			buildActionMask = 2147483647;
			files = (
			);
			runOnlyForDeploymentPostprocessing = 0;
		};
/* End PBXResourcesBuildPhase section */

/* Begin PBXSourcesBuildPhase section */
		5D66A5942CFDD8FE00B2A08C /* Sources */ = {
			isa = PBXSourcesBuildPhase;
			buildActionMask = 2147483647;
			files = (
			);
			runOnlyForDeploymentPostprocessing = 0;
		};
		5D66A5A42CFDD8FF00B2A08C /* Sources */ = {
			isa = PBXSourcesBuildPhase;
			buildActionMask = 2147483647;
			files = (
			);
			runOnlyForDeploymentPostprocessing = 0;
		};
		5D66A5AE2CFDD8FF00B2A08C /* Sources */ = {
			isa = PBXSourcesBuildPhase;
			buildActionMask = 2147483647;
			files = (
			);
			runOnlyForDeploymentPostprocessing = 0;
		};
/* End PBXSourcesBuildPhase section */

/* Begin PBXTargetDependency section */
		5D66A5AA2CFDD8FF00B2A08C /* PBXTargetDependency */ = {
			isa = PBXTargetDependency;
			target = 5D66A5972CFDD8FE00B2A08C /* Animation_SwiftUI */;
			targetProxy = 5D66A5A92CFDD8FF00B2A08C /* PBXContainerItemProxy */;
		};
		5D66A5B42CFDD8FF00B2A08C /* PBXTargetDependency */ = {
			isa = PBXTargetDependency;
			target = 5D66A5972CFDD8FE00B2A08C /* Animation_SwiftUI */;
			targetProxy = 5D66A5B32CFDD8FF00B2A08C /* PBXContainerItemProxy */;
		};
/* End PBXTargetDependency section */

/* Begin XCBuildConfiguration section */
		5D66A5BA2CFDD8FF00B2A08C /* Debug */ = {
			isa = XCBuildConfiguration;
			buildSettings = {
				ALWAYS_SEARCH_USER_PATHS = NO;
				ASSETCATALOG_COMPILER_GENERATE_SWIFT_ASSET_SYMBOL_EXTENSIONS = YES;
				CLANG_ANALYZER_NONNULL = YES;
				CLANG_ANALYZER_NUMBER_OBJECT_CONVERSION = YES_AGGRESSIVE;
				CLANG_CXX_LANGUAGE_STANDARD = "gnu++20";
				CLANG_ENABLE_MODULES = YES;
				CLANG_ENABLE_OBJC_ARC = YES;
				CLANG_ENABLE_OBJC_WEAK = YES;
				CLANG_WARN_BLOCK_CAPTURE_AUTORELEASING = YES;
				CLANG_WARN_BOOL_CONVERSION = YES;
				CLANG_WARN_COMMA = YES;
				CLANG_WARN_CONSTANT_CONVERSION = YES;
				CLANG_WARN_DEPRECATED_OBJC_IMPLEMENTATIONS = YES;
				CLANG_WARN_DIRECT_OBJC_ISA_USAGE = YES_ERROR;
				CLANG_WARN_DOCUMENTATION_COMMENTS = YES;
				CLANG_WARN_EMPTY_BODY = YES;
				CLANG_WARN_ENUM_CONVERSION = YES;
				CLANG_WARN_INFINITE_RECURSION = YES;
				CLANG_WARN_INT_CONVERSION = YES;
				CLANG_WARN_NON_LITERAL_NULL_CONVERSION = YES;
				CLANG_WARN_OBJC_IMPLICIT_RETAIN_SELF = YES;
				CLANG_WARN_OBJC_LITERAL_CONVERSION = YES;
				CLANG_WARN_OBJC_ROOT_CLASS = YES_ERROR;
				CLANG_WARN_QUOTED_INCLUDE_IN_FRAMEWORK_HEADER = YES;
				CLANG_WARN_RANGE_LOOP_ANALYSIS = YES;
				CLANG_WARN_STRICT_PROTOTYPES = YES;
				CLANG_WARN_SUSPICIOUS_MOVE = YES;
				CLANG_WARN_UNGUARDED_AVAILABILITY = YES_AGGRESSIVE;
				CLANG_WARN_UNREACHABLE_CODE = YES;
				CLANG_WARN__DUPLICATE_METHOD_MATCH = YES;
				COPY_PHASE_STRIP = NO;
				DEBUG_INFORMATION_FORMAT = dwarf;
				ENABLE_STRICT_OBJC_MSGSEND = YES;
				ENABLE_TESTABILITY = YES;
				ENABLE_USER_SCRIPT_SANDBOXING = YES;
				GCC_C_LANGUAGE_STANDARD = gnu17;
				GCC_DYNAMIC_NO_PIC = NO;
				GCC_NO_COMMON_BLOCKS = YES;
				GCC_OPTIMIZATION_LEVEL = 0;
				GCC_PREPROCESSOR_DEFINITIONS = (
					"DEBUG=1",
					"$(inherited)",
				);
				GCC_WARN_64_TO_32_BIT_CONVERSION = YES;
				GCC_WARN_ABOUT_RETURN_TYPE = YES_ERROR;
				GCC_WARN_UNDECLARED_SELECTOR = YES;
				GCC_WARN_UNINITIALIZED_AUTOS = YES_AGGRESSIVE;
				GCC_WARN_UNUSED_FUNCTION = YES;
				GCC_WARN_UNUSED_VARIABLE = YES;
				IPHONEOS_DEPLOYMENT_TARGET = 18.0;
				LOCALIZATION_PREFERS_STRING_CATALOGS = YES;
				MTL_ENABLE_DEBUG_INFO = INCLUDE_SOURCE;
				MTL_FAST_MATH = YES;
				ONLY_ACTIVE_ARCH = YES;
				SDKROOT = iphoneos;
				SWIFT_ACTIVE_COMPILATION_CONDITIONS = "DEBUG $(inherited)";
				SWIFT_OPTIMIZATION_LEVEL = "-Onone";
			};
			name = Debug;
		};
		5D66A5BB2CFDD8FF00B2A08C /* Release */ = {
			isa = XCBuildConfiguration;
			buildSettings = {
				ALWAYS_SEARCH_USER_PATHS = NO;
				ASSETCATALOG_COMPILER_GENERATE_SWIFT_ASSET_SYMBOL_EXTENSIONS = YES;
				CLANG_ANALYZER_NONNULL = YES;
				CLANG_ANALYZER_NUMBER_OBJECT_CONVERSION = YES_AGGRESSIVE;
				CLANG_CXX_LANGUAGE_STANDARD = "gnu++20";
				CLANG_ENABLE_MODULES = YES;
				CLANG_ENABLE_OBJC_ARC = YES;
				CLANG_ENABLE_OBJC_WEAK = YES;
				CLANG_WARN_BLOCK_CAPTURE_AUTORELEASING = YES;
				CLANG_WARN_BOOL_CONVERSION = YES;
				CLANG_WARN_COMMA = YES;
				CLANG_WARN_CONSTANT_CONVERSION = YES;
				CLANG_WARN_DEPRECATED_OBJC_IMPLEMENTATIONS = YES;
				CLANG_WARN_DIRECT_OBJC_ISA_USAGE = YES_ERROR;
				CLANG_WARN_DOCUMENTATION_COMMENTS = YES;
				CLANG_WARN_EMPTY_BODY = YES;
				CLANG_WARN_ENUM_CONVERSION = YES;
				CLANG_WARN_INFINITE_RECURSION = YES;
				CLANG_WARN_INT_CONVERSION = YES;
				CLANG_WARN_NON_LITERAL_NULL_CONVERSION = YES;
				CLANG_WARN_OBJC_IMPLICIT_RETAIN_SELF = YES;
				CLANG_WARN_OBJC_LITERAL_CONVERSION = YES;
				CLANG_WARN_OBJC_ROOT_CLASS = YES_ERROR;
				CLANG_WARN_QUOTED_INCLUDE_IN_FRAMEWORK_HEADER = YES;
				CLANG_WARN_RANGE_LOOP_ANALYSIS = YES;
				CLANG_WARN_STRICT_PROTOTYPES = YES;
				CLANG_WARN_SUSPICIOUS_MOVE = YES;
				CLANG_WARN_UNGUARDED_AVAILABILITY = YES_AGGRESSIVE;
				CLANG_WARN_UNREACHABLE_CODE = YES;
				CLANG_WARN__DUPLICATE_METHOD_MATCH = YES;
				COPY_PHASE_STRIP = NO;
				DEBUG_INFORMATION_FORMAT = "dwarf-with-dsym";
				ENABLE_NS_ASSERTIONS = NO;
				ENABLE_STRICT_OBJC_MSGSEND = YES;
				ENABLE_USER_SCRIPT_SANDBOXING = YES;
				GCC_C_LANGUAGE_STANDARD = gnu17;
				GCC_NO_COMMON_BLOCKS = YES;
				GCC_WARN_64_TO_32_BIT_CONVERSION = YES;
				GCC_WARN_ABOUT_RETURN_TYPE = YES_ERROR;
				GCC_WARN_UNDECLARED_SELECTOR = YES;
				GCC_WARN_UNINITIALIZED_AUTOS = YES_AGGRESSIVE;
				GCC_WARN_UNUSED_FUNCTION = YES;
				GCC_WARN_UNUSED_VARIABLE = YES;
				IPHONEOS_DEPLOYMENT_TARGET = 18.0;
				LOCALIZATION_PREFERS_STRING_CATALOGS = YES;
				MTL_ENABLE_DEBUG_INFO = NO;
				MTL_FAST_MATH = YES;
				SDKROOT = iphoneos;
				SWIFT_COMPILATION_MODE = wholemodule;
				VALIDATE_PRODUCT = YES;
			};
			name = Release;
		};
		5D66A5BD2CFDD8FF00B2A08C /* Debug */ = {
			isa = XCBuildConfiguration;
			buildSettings = {
				ASSETCATALOG_COMPILER_APPICON_NAME = AppIcon;
				ASSETCATALOG_COMPILER_GLOBAL_ACCENT_COLOR_NAME = AccentColor;
				CODE_SIGN_STYLE = Automatic;
				CURRENT_PROJECT_VERSION = 1;
				DEVELOPMENT_ASSET_PATHS = "\"Animation_SwiftUI/Preview Content\"";
				DEVELOPMENT_TEAM = 2Z46XX49Y5;
				ENABLE_PREVIEWS = YES;
				GENERATE_INFOPLIST_FILE = YES;
				INFOPLIST_KEY_UIApplicationSceneManifest_Generation = YES;
				INFOPLIST_KEY_UIApplicationSupportsIndirectInputEvents = YES;
				INFOPLIST_KEY_UILaunchScreen_Generation = YES;
				INFOPLIST_KEY_UISupportedInterfaceOrientations_iPad = "UIInterfaceOrientationPortrait UIInterfaceOrientationPortraitUpsideDown UIInterfaceOrientationLandscapeLeft UIInterfaceOrientationLandscapeRight";
				INFOPLIST_KEY_UISupportedInterfaceOrientations_iPhone = "UIInterfaceOrientationPortrait UIInterfaceOrientationLandscapeLeft UIInterfaceOrientationLandscapeRight";
				LD_RUNPATH_SEARCH_PATHS = (
					"$(inherited)",
					"@executable_path/Frameworks",
				);
				MARKETING_VERSION = 1.0;
				PRODUCT_BUNDLE_IDENTIFIER = "test.Animation-SwiftUI";
				PRODUCT_NAME = "$(TARGET_NAME)";
				SWIFT_EMIT_LOC_STRINGS = YES;
				SWIFT_VERSION = 5.0;
				TARGETED_DEVICE_FAMILY = "1,2";
			};
			name = Debug;
		};
		5D66A5BE2CFDD8FF00B2A08C /* Release */ = {
			isa = XCBuildConfiguration;
			buildSettings = {
				ASSETCATALOG_COMPILER_APPICON_NAME = AppIcon;
				ASSETCATALOG_COMPILER_GLOBAL_ACCENT_COLOR_NAME = AccentColor;
				CODE_SIGN_STYLE = Automatic;
				CURRENT_PROJECT_VERSION = 1;
				DEVELOPMENT_ASSET_PATHS = "\"Animation_SwiftUI/Preview Content\"";
				DEVELOPMENT_TEAM = 2Z46XX49Y5;
				ENABLE_PREVIEWS = YES;
				GENERATE_INFOPLIST_FILE = YES;
				INFOPLIST_KEY_UIApplicationSceneManifest_Generation = YES;
				INFOPLIST_KEY_UIApplicationSupportsIndirectInputEvents = YES;
				INFOPLIST_KEY_UILaunchScreen_Generation = YES;
				INFOPLIST_KEY_UISupportedInterfaceOrientations_iPad = "UIInterfaceOrientationPortrait UIInterfaceOrientationPortraitUpsideDown UIInterfaceOrientationLandscapeLeft UIInterfaceOrientationLandscapeRight";
				INFOPLIST_KEY_UISupportedInterfaceOrientations_iPhone = "UIInterfaceOrientationPortrait UIInterfaceOrientationLandscapeLeft UIInterfaceOrientationLandscapeRight";
				LD_RUNPATH_SEARCH_PATHS = (
					"$(inherited)",
					"@executable_path/Frameworks",
				);
				MARKETING_VERSION = 1.0;
				PRODUCT_BUNDLE_IDENTIFIER = "test.Animation-SwiftUI";
				PRODUCT_NAME = "$(TARGET_NAME)";
				SWIFT_EMIT_LOC_STRINGS = YES;
				SWIFT_VERSION = 5.0;
				TARGETED_DEVICE_FAMILY = "1,2";
			};
			name = Release;
		};
		5D66A5C02CFDD8FF00B2A08C /* Debug */ = {
			isa = XCBuildConfiguration;
			buildSettings = {
				BUNDLE_LOADER = "$(TEST_HOST)";
				CODE_SIGN_STYLE = Automatic;
				CURRENT_PROJECT_VERSION = 1;
				DEVELOPMENT_TEAM = 2Z46XX49Y5;
				GENERATE_INFOPLIST_FILE = YES;
				IPHONEOS_DEPLOYMENT_TARGET = 18.0;
				MARKETING_VERSION = 1.0;
				PRODUCT_BUNDLE_IDENTIFIER = "test.Animation-SwiftUITests";
				PRODUCT_NAME = "$(TARGET_NAME)";
				SWIFT_EMIT_LOC_STRINGS = NO;
				SWIFT_VERSION = 5.0;
				TARGETED_DEVICE_FAMILY = "1,2";
				TEST_HOST = "$(BUILT_PRODUCTS_DIR)/Animation_SwiftUI.app/$(BUNDLE_EXECUTABLE_FOLDER_PATH)/Animation_SwiftUI";
			};
			name = Debug;
		};
		5D66A5C12CFDD8FF00B2A08C /* Release */ = {
			isa = XCBuildConfiguration;
			buildSettings = {
				BUNDLE_LOADER = "$(TEST_HOST)";
				CODE_SIGN_STYLE = Automatic;
				CURRENT_PROJECT_VERSION = 1;
				DEVELOPMENT_TEAM = 2Z46XX49Y5;
				GENERATE_INFOPLIST_FILE = YES;
				IPHONEOS_DEPLOYMENT_TARGET = 18.0;
				MARKETING_VERSION = 1.0;
				PRODUCT_BUNDLE_IDENTIFIER = "test.Animation-SwiftUITests";
				PRODUCT_NAME = "$(TARGET_NAME)";
				SWIFT_EMIT_LOC_STRINGS = NO;
				SWIFT_VERSION = 5.0;
				TARGETED_DEVICE_FAMILY = "1,2";
				TEST_HOST = "$(BUILT_PRODUCTS_DIR)/Animation_SwiftUI.app/$(BUNDLE_EXECUTABLE_FOLDER_PATH)/Animation_SwiftUI";
			};
			name = Release;
		};
		5D66A5C32CFDD8FF00B2A08C /* Debug */ = {
			isa = XCBuildConfiguration;
			buildSettings = {
				CODE_SIGN_STYLE = Automatic;
				CURRENT_PROJECT_VERSION = 1;
				DEVELOPMENT_TEAM = 2Z46XX49Y5;
				GENERATE_INFOPLIST_FILE = YES;
				MARKETING_VERSION = 1.0;
				PRODUCT_BUNDLE_IDENTIFIER = "test.Animation-SwiftUIUITests";
				PRODUCT_NAME = "$(TARGET_NAME)";
				SWIFT_EMIT_LOC_STRINGS = NO;
				SWIFT_VERSION = 5.0;
				TARGETED_DEVICE_FAMILY = "1,2";
				TEST_TARGET_NAME = Animation_SwiftUI;
			};
			name = Debug;
		};
		5D66A5C42CFDD8FF00B2A08C /* Release */ = {
			isa = XCBuildConfiguration;
			buildSettings = {
				CODE_SIGN_STYLE = Automatic;
				CURRENT_PROJECT_VERSION = 1;
				DEVELOPMENT_TEAM = 2Z46XX49Y5;
				GENERATE_INFOPLIST_FILE = YES;
				MARKETING_VERSION = 1.0;
				PRODUCT_BUNDLE_IDENTIFIER = "test.Animation-SwiftUIUITests";
				PRODUCT_NAME = "$(TARGET_NAME)";
				SWIFT_EMIT_LOC_STRINGS = NO;
				SWIFT_VERSION = 5.0;
				TARGETED_DEVICE_FAMILY = "1,2";
				TEST_TARGET_NAME = Animation_SwiftUI;
			};
			name = Release;
		};
/* End XCBuildConfiguration section */

/* Begin XCConfigurationList section */
		5D66A5932CFDD8FE00B2A08C /* Build configuration list for PBXProject "Animation_SwiftUI" */ = {
			isa = XCConfigurationList;
			buildConfigurations = (
				5D66A5BA2CFDD8FF00B2A08C /* Debug */,
				5D66A5BB2CFDD8FF00B2A08C /* Release */,
			);
			defaultConfigurationIsVisible = 0;
			defaultConfigurationName = Release;
		};
		5D66A5BC2CFDD8FF00B2A08C /* Build configuration list for PBXNativeTarget "Animation_SwiftUI" */ = {
			isa = XCConfigurationList;
			buildConfigurations = (
				5D66A5BD2CFDD8FF00B2A08C /* Debug */,
				5D66A5BE2CFDD8FF00B2A08C /* Release */,
			);
			defaultConfigurationIsVisible = 0;
			defaultConfigurationName = Release;
		};
		5D66A5BF2CFDD8FF00B2A08C /* Build configuration list for PBXNativeTarget "Animation_SwiftUITests" */ = {
			isa = XCConfigurationList;
			buildConfigurations = (
				5D66A5C02CFDD8FF00B2A08C /* Debug */,
				5D66A5C12CFDD8FF00B2A08C /* Release */,
			);
			defaultConfigurationIsVisible = 0;
			defaultConfigurationName = Release;
		};
		5D66A5C22CFDD8FF00B2A08C /* Build configuration list for PBXNativeTarget "Animation_SwiftUIUITests" */ = {
			isa = XCConfigurationList;
			buildConfigurations = (
				5D66A5C32CFDD8FF00B2A08C /* Debug */,
				5D66A5C42CFDD8FF00B2A08C /* Release */,
			);
			defaultConfigurationIsVisible = 0;
			defaultConfigurationName = Release;
		};
/* End XCConfigurationList section */
	};
	rootObject = 5D66A5902CFDD8FE00B2A08C /* Project object */;
}
